
Microsoft Visual Studio Solution File, Format Version 12.00
# Visual Studio Version 16
VisualStudioVersion = 16.0.31727.386
MinimumVisualStudioVersion = 10.0.40219.1
Project("{8BC9CEB8-8B4A-11D0-8D11-00A0C91BC942}") = "MathLibrary", "MathLibrary\MathLibrary.vcxproj", "{EF5E73CD-0B24-4944-A7E3-5FD52D90F44E}"
EndProject
Project("{8BC9CEB8-8B4A-11D0-8D11-00A0C91BC942}") = "MathClient", "MathClient\MathClient.vcxproj", "{FB289605-14B9-4059-8483-78FD32EF4294}"
EndProject
Global
	GlobalSection(SolutionConfigurationPlatforms) = preSolution
		Debug|x64 = Debug|x64
		Debug|x86 = Debug|x86
		Release|x64 = Release|x64
		Release|x86 = Release|x86
	EndGlobalSection
	GlobalSection(ProjectConfigurationPlatforms) = postSolution
		{EF5E73CD-0B24-4944-A7E3-5FD52D90F44E}.Debug|x64.ActiveCfg = Debug|x64
		{EF5E73CD-0B24-4944-A7E3-5FD52D90F44E}.Debug|x64.Build.0 = Debug|x64
		{EF5E73CD-0B24-4944-A7E3-5FD52D90F44E}.Debug|x86.ActiveCfg = Debug|Win32
		{EF5E73CD-0B24-4944-A7E3-5FD52D90F44E}.Debug|x86.Build.0 = Debug|Win32
		{EF5E73CD-0B24-4944-A7E3-5FD52D90F44E}.Release|x64.ActiveCfg = Release|x64
		{EF5E73CD-0B24-4944-A7E3-5FD52D90F44E}.Release|x64.Build.0 = Release|x64
		{EF5E73CD-0B24-4944-A7E3-5FD52D90F44E}.Release|x86.ActiveCfg = Release|Win32
		{EF5E73CD-0B24-4944-A7E3-5FD52D90F44E}.Release|x86.Build.0 = Release|Win32
		{FB289605-14B9-4059-8483-78FD32EF4294}.Debug|x64.ActiveCfg = Debug|x64
		{FB289605-14B9-4059-8483-78FD32EF4294}.Debug|x64.Build.0 = Debug|x64
		{FB289605-14B9-4059-8483-78FD32EF4294}.Debug|x86.ActiveCfg = Debug|Win32
		{FB289605-14B9-4059-8483-78FD32EF4294}.Debug|x86.Build.0 = Debug|Win32
		{FB289605-14B9-4059-8483-78FD32EF4294}.Release|x64.ActiveCfg = Release|x64
		{FB289605-14B9-4059-8483-78FD32EF4294}.Release|x64.Build.0 = Release|x64
		{FB289605-14B9-4059-8483-78FD32EF4294}.Release|x86.ActiveCfg = Release|Win32
		{FB289605-14B9-4059-8483-78FD32EF4294}.Release|x86.Build.0 = Release|Win32
	EndGlobalSection
	GlobalSection(SolutionProperties) = preSolution
		HideSolutionNode = FALSE
	EndGlobalSection
	GlobalSection(ExtensibilityGlobals) = postSolution
		SolutionGuid = {0A50418F-BDE0-4626-B292-7586B0A3205B}
	EndGlobalSection
EndGlobal
